
Microsoft Visual Studio Solution File, Format Version 12.00
# Visual Studio Version 17
VisualStudioVersion = 17.9.34701.34
MinimumVisualStudioVersion = 10.0.40219.1
Project("{FAE04EC0-301F-11D3-BF4B-00C04F79EFBC}") = "Punto 3", "Punto 3\Punto 3.csproj", "{31974529-7806-4709-81C5-E571A25E7866}"
EndProject
Global
	GlobalSection(SolutionConfigurationPlatforms) = preSolution
		Debug|Any CPU = Debug|Any CPU
		Release|Any CPU = Release|Any CPU
	EndGlobalSection
	GlobalSection(ProjectConfigurationPlatforms) = postSolution
		{31974529-7806-4709-81C5-E571A25E7866}.Debug|Any CPU.ActiveCfg = Debug|Any CPU
		{31974529-7806-4709-81C5-E571A25E7866}.Debug|Any CPU.Build.0 = Debug|Any CPU
		{31974529-7806-4709-81C5-E571A25E7866}.Release|Any CPU.ActiveCfg = Release|Any CPU
		{31974529-7806-4709-81C5-E571A25E7866}.Release|Any CPU.Build.0 = Release|Any CPU
	EndGlobalSection
	GlobalSection(SolutionProperties) = preSolution
		HideSolutionNode = FALSE
	EndGlobalSection
	GlobalSection(ExtensibilityGlobals) = postSolution
		SolutionGuid = {223BB85E-9896-43BE-AA94-76E745F25CF9}
	EndGlobalSection
EndGlobal
